{
  "lockfileVersion": 1,
  "dependencies": {
    "lru-cache": {
      "version": "2.6.4",
      "resolved": "https://registry.npmjs.org/lru-cache/-/lru-cache-2.6.4.tgz",
      "integrity": "sha512-HTGRj0QugHZO4kkaPcnILasgemYHYMTbg1Isy63x8brLmy2IFLyMeiHaRHYJShPFjtguSX5VV30b7bSDrurNNQ=="
    }
  }
}
