{
  "lockfileVersion": 1,
  "dependencies": {
    "aws-sdk": {
      "version": "2.0.18",
      "resolved": "https://registry.npmjs.org/aws-sdk/-/aws-sdk-2.0.18.tgz",
      "integrity": "sha512-6nYKxXcR4A8w5oDWARWDQ7cLitHLX/Og+d4IbSLZtmPm7RM+0c1Fqi2tSnDJ0PYt5HOsVBnZg97yAfYZaOE4NA==",
      "dependencies": {
        "aws-sdk-apis": {
          "version": "3.1.10",
          "resolved": "https://registry.npmjs.org/aws-sdk-apis/-/aws-sdk-apis-3.1.10.tgz",
          "integrity": "sha512-YfXgzjJA5AaONqS6+eSRg0CaBQKpSYTAB4mAxp7pApu49VwOWcpvTyt9uck7oCHOQcvZw/tdw3fJCS+qjZivtw=="
        },
        "xml2js": {
          "version": "0.2.6",
          "resolved": "https://registry.npmjs.org/xml2js/-/xml2js-0.2.6.tgz",
          "integrity": "sha512-h+Nzgo0eLwideldZGqSquNtrsuX5zcDREImBa1GSNw9QljlXiFcM3E1kWjLprRjJe2jRuvnVk0j3WgQo9Deoog==",
          "dependencies": {
            "sax": {
              "version": "0.4.2",
              "resolved": "https://registry.npmjs.org/sax/-/sax-0.4.2.tgz",
              "integrity": "sha512-6Zsl4gnHjiTQfrOzsWdc0bHJepF5KJAVuM5fcyEJrqGyszkx2c55IclWP4D692rJrl1w0tExhbvYKjKNZl5wHg=="
            }
          }
        },
        "xmlbuilder": {
          "version": "0.4.2",
          "resolved": "https://registry.npmjs.org/xmlbuilder/-/xmlbuilder-0.4.2.tgz",
          "integrity": "sha512-h/+ncQQSU/iYycmI2wTN25t7RYN7O2oq9uvI+2+UObi4KcmQh/jUS4N31g5vJttQt7MODsnmBtbcll3YbNyvfw=="
        }
      }
    }
  }
}
